
Microsoft Visual Studio Solution File, Format Version 12.00
# Visual Studio 15
VisualStudioVersion = 15.0.28307.168
MinimumVisualStudioVersion = 10.0.40219.1
Project("{9A19103F-16F7-4668-BE54-9A1E7A4F7556}") = "AvaloniaApplication1", "AvaloniaApplication1\AvaloniaApplication1.csproj", "{6156F383-E4A0-4EFA-97E1-0F3508FFD19C}"
EndProject
Project("{FAE04EC0-301F-11D3-BF4B-00C04F79EFBC}") = "ClassLibrary1", "ClassLibrary1\ClassLibrary1.csproj", "{A6E429C9-ABD5-4AF7-9B0E-4800E1BECBE6}"
EndProject
Global
	GlobalSection(SolutionConfigurationPlatforms) = preSolution
		Debug|Any CPU = Debug|Any CPU
		Release|Any CPU = Release|Any CPU
	EndGlobalSection
	GlobalSection(ProjectConfigurationPlatforms) = postSolution
		{6156F383-E4A0-4EFA-97E1-0F3508FFD19C}.Debug|Any CPU.ActiveCfg = Debug|Any CPU
		{6156F383-E4A0-4EFA-97E1-0F3508FFD19C}.Debug|Any CPU.Build.0 = Debug|Any CPU
		{6156F383-E4A0-4EFA-97E1-0F3508FFD19C}.Release|Any CPU.ActiveCfg = Release|Any CPU
		{6156F383-E4A0-4EFA-97E1-0F3508FFD19C}.Release|Any CPU.Build.0 = Release|Any CPU
		{A6E429C9-ABD5-4AF7-9B0E-4800E1BECBE6}.Debug|Any CPU.ActiveCfg = Debug|Any CPU
		{A6E429C9-ABD5-4AF7-9B0E-4800E1BECBE6}.Debug|Any CPU.Build.0 = Debug|Any CPU
		{A6E429C9-ABD5-4AF7-9B0E-4800E1BECBE6}.Release|Any CPU.ActiveCfg = Release|Any CPU
		{A6E429C9-ABD5-4AF7-9B0E-4800E1BECBE6}.Release|Any CPU.Build.0 = Release|Any CPU
	EndGlobalSection
	GlobalSection(SolutionProperties) = preSolution
		HideSolutionNode = FALSE
	EndGlobalSection
	GlobalSection(ExtensibilityGlobals) = postSolution
		SolutionGuid = {ADC36C4D-9630-4F2B-A0B1-BA3B3D9D2EEB}
	EndGlobalSection
EndGlobal
